<?xml version="1.0" encoding="utf-8"?>
<Project ToolsVersion="4.0" xmlns="http://schemas.microsoft.com/developer/msbuild/2003">
  <ItemGroup>
    <Filter Include="Исходные файлы">
      <UniqueIdentifier>{4FC737F1-C7A5-4376-A066-2A32D752A2FF}</UniqueIdentifier>
      <Extensions>cpp;c;cc;cxx;def;odl;idl;hpj;bat;asm;asmx</Extensions>
    </Filter>
    <Filter Include="Файлы заголовков">
      <UniqueIdentifier>{93995380-89BD-4b04-88EB-625FBE52EBFB}</UniqueIdentifier>
      <Extensions>h;hh;hpp;hxx;hm;inl;inc;ipp;xsd</Extensions>
    </Filter>
    <Filter Include="Файлы ресурсов">
      <UniqueIdentifier>{67DA6AB6-F800-4c08-8B7A-83BB121AAD01}</UniqueIdentifier>
      <Extensions>rc;ico;cur;bmp;dlg;rc2;rct;bin;rgs;gif;jpg;jpeg;jpe;resx;tiff;tif;png;wav;mfcribbon-ms</Extensions>
    </Filter>
    <Filter Include="Файлы заголовков\inheritance">
      <UniqueIdentifier>{b5624424-7a8e-4477-a072-78c009b5b965}</UniqueIdentifier>
    </Filter>
    <Filter Include="Файлы заголовков\data_structures">
      <UniqueIdentifier>{22d32055-dd8d-4a68-8b98-a4861ad46022}</UniqueIdentifier>
    </Filter>
    <Filter Include="Файлы заголовков\templates">
      <UniqueIdentifier>{7c514c76-96c8-48e8-aaf4-c954967f75ed}</UniqueIdentifier>
    </Filter>
    <Filter Include="Файлы заголовков\other">
      <UniqueIdentifier>{0b6cb16c-3676-4544-b6e9-bda9c60eb418}</UniqueIdentifier>
    </Filter>
    <Filter Include="Файлы заголовков\aggregation">
      <UniqueIdentifier>{9a713cb4-b28c-4254-87bf-4f64f64317ba}</UniqueIdentifier>
    </Filter>
    <Filter Include="Файлы заголовков\polymorphism">
      <UniqueIdentifier>{d18cb40c-b88c-449a-914b-607fa73fcd23}</UniqueIdentifier>
    </Filter>
    <Filter Include="Файлы заголовков\exceptions">
      <UniqueIdentifier>{91f0ce0a-75e4-4c23-b303-2be761fce121}</UniqueIdentifier>
    </Filter>
  </ItemGroup>
  <ItemGroup>
    <ClCompile Include="Main.cpp">
      <Filter>Исходные файлы</Filter>
    </ClCompile>
    <ClCompile Include="CheckDZ.cpp">
      <Filter>Исходные файлы</Filter>
    </ClCompile>
  </ItemGroup>
  <ItemGroup>
    <ClInclude Include="Inheritance1.h">
      <Filter>Файлы заголовков\inheritance</Filter>
    </ClInclude>
    <ClInclude Include="Inheritance2.h">
      <Filter>Файлы заголовков\inheritance</Filter>
    </ClInclude>
    <ClInclude Include="Inheritance3.h">
      <Filter>Файлы заголовков\inheritance</Filter>
    </ClInclude>
    <ClInclude Include="Inheritance4.h">
      <Filter>Файлы заголовков\inheritance</Filter>
    </ClInclude>
    <ClInclude Include="Inheritance5.h">
      <Filter>Файлы заголовков\inheritance</Filter>
    </ClInclude>
    <ClInclude Include="DoublyLinkedList.h">
      <Filter>Файлы заголовков\data_structures</Filter>
    </ClInclude>
    <ClInclude Include="ExclusionProirityQueue.h">
      <Filter>Файлы заголовков\data_structures</Filter>
    </ClInclude>
    <ClInclude Include="HashMap.h">
      <Filter>Файлы заголовков\data_structures</Filter>
    </ClInclude>
    <ClInclude Include="QueueArray.h">
      <Filter>Файлы заголовков\data_structures</Filter>
    </ClInclude>
    <ClInclude Include="QueueList.h">
      <Filter>Файлы заголовков\data_structures</Filter>
    </ClInclude>
    <ClInclude Include="SimpleMap.h">
      <Filter>Файлы заголовков\data_structures</Filter>
    </ClInclude>
    <ClInclude Include="SinglyLinkedList.h">
      <Filter>Файлы заголовков\data_structures</Filter>
    </ClInclude>
    <ClInclude Include="SpecVector.h">
      <Filter>Файлы заголовков\data_structures</Filter>
    </ClInclude>
    <ClInclude Include="StackArray.h">
      <Filter>Файлы заголовков\data_structures</Filter>
    </ClInclude>
    <ClInclude Include="StackVector.h">
      <Filter>Файлы заголовков\data_structures</Filter>
    </ClInclude>
    <ClInclude Include="String.h">
      <Filter>Файлы заголовков\data_structures</Filter>
    </ClInclude>
    <ClInclude Include="Tree.h">
      <Filter>Файлы заголовков\data_structures</Filter>
    </ClInclude>
    <ClInclude Include="Vector.h">
      <Filter>Файлы заголовков\data_structures</Filter>
    </ClInclude>
    <ClInclude Include="TemplateBubbleSort.h">
      <Filter>Файлы заголовков\templates</Filter>
    </ClInclude>
    <ClInclude Include="TemplateClasses.h">
      <Filter>Файлы заголовков\templates</Filter>
    </ClInclude>
    <ClInclude Include="TemplateFunctions.h">
      <Filter>Файлы заголовков\templates</Filter>
    </ClInclude>
    <ClInclude Include="TemplateList.h">
      <Filter>Файлы заголовков\templates</Filter>
    </ClInclude>
    <ClInclude Include="TemplateTree.h">
      <Filter>Файлы заголовков\templates</Filter>
    </ClInclude>
    <ClInclude Include="TemplateVector.h">
      <Filter>Файлы заголовков\templates</Filter>
    </ClInclude>
    <ClInclude Include="Application.h">
      <Filter>Файлы заголовков\other</Filter>
    </ClInclude>
    <ClInclude Include="Bank.h">
      <Filter>Файлы заголовков\other</Filter>
    </ClInclude>
    <ClInclude Include="Cat.h">
      <Filter>Файлы заголовков\other</Filter>
    </ClInclude>
    <ClInclude Include="Date.h">
      <Filter>Файлы заголовков\other</Filter>
    </ClInclude>
    <ClInclude Include="DPS.h">
      <Filter>Файлы заголовков\other</Filter>
    </ClInclude>
    <ClInclude Include="Fraction.h">
      <Filter>Файлы заголовков\other</Filter>
    </ClInclude>
    <ClInclude Include="Student.h">
      <Filter>Файлы заголовков\other</Filter>
    </ClInclude>
    <ClInclude Include="DemoAggregation.h">
      <Filter>Файлы заголовков\aggregation</Filter>
    </ClInclude>
    <ClInclude Include="DemoAssociation.h">
      <Filter>Файлы заголовков\aggregation</Filter>
    </ClInclude>
    <ClInclude Include="DemoComposition.h">
      <Filter>Файлы заголовков\aggregation</Filter>
    </ClInclude>
    <ClInclude Include="Inheritance6.h">
      <Filter>Файлы заголовков\inheritance</Filter>
    </ClInclude>
    <ClInclude Include="Inheritance7.h">
      <Filter>Файлы заголовков\inheritance</Filter>
    </ClInclude>
    <ClInclude Include="Inheritance8.h">
      <Filter>Файлы заголовков\inheritance</Filter>
    </ClInclude>
    <ClInclude Include="Sample.h">
      <Filter>Файлы заголовков</Filter>
    </ClInclude>
    <ClInclude Include="Inheritance9.h">
      <Filter>Файлы заголовков\inheritance</Filter>
    </ClInclude>
    <ClInclude Include="Poly1.h">
      <Filter>Файлы заголовков\polymorphism</Filter>
    </ClInclude>
    <ClInclude Include="Poly2.h">
      <Filter>Файлы заголовков\polymorphism</Filter>
    </ClInclude>
    <ClInclude Include="Poly3.h">
      <Filter>Файлы заголовков\polymorphism</Filter>
    </ClInclude>
    <ClInclude Include="Poly4.h">
      <Filter>Файлы заголовков\polymorphism</Filter>
    </ClInclude>
    <ClInclude Include="Poly5.h">
      <Filter>Файлы заголовков\polymorphism</Filter>
    </ClInclude>
    <ClInclude Include="Poly6.h">
      <Filter>Файлы заголовков\polymorphism</Filter>
    </ClInclude>
    <ClInclude Include="ClassDiagram.h">
      <Filter>Файлы заголовков\inheritance</Filter>
    </ClInclude>
    <ClInclude Include="Food.h">
      <Filter>Файлы заголовков\polymorphism</Filter>
    </ClInclude>
    <ClInclude Include="ExceptionTest.h">
      <Filter>Файлы заголовков\exceptions</Filter>
    </ClInclude>
  </ItemGroup>
</Project>