
Microsoft Visual Studio Solution File, Format Version 12.00
# Visual Studio Version 16
VisualStudioVersion = 16.0.29519.87
MinimumVisualStudioVersion = 10.0.40219.1
Project("{8BC9CEB8-8B4A-11D0-8D11-00A0C91BC942}") = "OOP", "OOP.vcxproj", "{869EC649-9023-4D71-99BE-05B3B37DC975}"
EndProject
Global
	GlobalSection(SolutionConfigurationPlatforms) = preSolution
		Debug|x64 = Debug|x64
		Debug|x86 = Debug|x86
		Release|x64 = Release|x64
		Release|x86 = Release|x86
	EndGlobalSection
	GlobalSection(ProjectConfigurationPlatforms) = postSolution
		{869EC649-9023-4D71-99BE-05B3B37DC975}.Debug|x64.ActiveCfg = Debug|x64
		{869EC649-9023-4D71-99BE-05B3B37DC975}.Debug|x64.Build.0 = Debug|x64
		{869EC649-9023-4D71-99BE-05B3B37DC975}.Debug|x86.ActiveCfg = Debug|Win32
		{869EC649-9023-4D71-99BE-05B3B37DC975}.Debug|x86.Build.0 = Debug|Win32
		{869EC649-9023-4D71-99BE-05B3B37DC975}.Release|x64.ActiveCfg = Release|x64
		{869EC649-9023-4D71-99BE-05B3B37DC975}.Release|x64.Build.0 = Release|x64
		{869EC649-9023-4D71-99BE-05B3B37DC975}.Release|x86.ActiveCfg = Release|Win32
		{869EC649-9023-4D71-99BE-05B3B37DC975}.Release|x86.Build.0 = Release|Win32
	EndGlobalSection
	GlobalSection(SolutionProperties) = preSolution
		HideSolutionNode = FALSE
	EndGlobalSection
	GlobalSection(ExtensibilityGlobals) = postSolution
		SolutionGuid = {8E8B55CA-E32C-49A7-AEBB-6CEF6C859BB3}
	EndGlobalSection
EndGlobal
